
Microsoft Visual Studio Solution File, Format Version 12.00
# Visual Studio Version 17
VisualStudioVersion = 17.9.34622.214
MinimumVisualStudioVersion = 10.0.40219.1
Project("{FAE04EC0-301F-11D3-BF4B-00C04F79EFBC}") = "TripsLog", "TripsLog\TripsLog.csproj", "{413F80C6-1979-4541-A0A1-0B52D16F4DF5}"
EndProject
Global
	GlobalSection(SolutionConfigurationPlatforms) = preSolution
		Debug|Any CPU = Debug|Any CPU
		Release|Any CPU = Release|Any CPU
	EndGlobalSection
	GlobalSection(ProjectConfigurationPlatforms) = postSolution
		{413F80C6-1979-4541-A0A1-0B52D16F4DF5}.Debug|Any CPU.ActiveCfg = Debug|Any CPU
		{413F80C6-1979-4541-A0A1-0B52D16F4DF5}.Debug|Any CPU.Build.0 = Debug|Any CPU
		{413F80C6-1979-4541-A0A1-0B52D16F4DF5}.Release|Any CPU.ActiveCfg = Release|Any CPU
		{413F80C6-1979-4541-A0A1-0B52D16F4DF5}.Release|Any CPU.Build.0 = Release|Any CPU
	EndGlobalSection
	GlobalSection(SolutionProperties) = preSolution
		HideSolutionNode = FALSE
	EndGlobalSection
	GlobalSection(ExtensibilityGlobals) = postSolution
		SolutionGuid = {AB60A859-5CDB-419B-B660-4FB653652FBF}
	EndGlobalSection
EndGlobal
